
Microsoft Visual Studio Solution File, Format Version 12.00
# Visual Studio 15
VisualStudioVersion = 15.0.27703.2018
MinimumVisualStudioVersion = 10.0.40219.1
Project("{FAE04EC0-301F-11D3-BF4B-00C04F79EFBC}") = "KS.API", "KS.API\KS.API.csproj", "{C5FD15E0-EA4F-40D5-8B51-9218F605FCAE}"
EndProject
Global
	GlobalSection(SolutionConfigurationPlatforms) = preSolution
		Debug|Any CPU = Debug|Any CPU
		Release|Any CPU = Release|Any CPU
	EndGlobalSection
	GlobalSection(ProjectConfigurationPlatforms) = postSolution
		{C5FD15E0-EA4F-40D5-8B51-9218F605FCAE}.Debug|Any CPU.ActiveCfg = Debug|Any CPU
		{C5FD15E0-EA4F-40D5-8B51-9218F605FCAE}.Debug|Any CPU.Build.0 = Debug|Any CPU
		{C5FD15E0-EA4F-40D5-8B51-9218F605FCAE}.Release|Any CPU.ActiveCfg = Release|Any CPU
		{C5FD15E0-EA4F-40D5-8B51-9218F605FCAE}.Release|Any CPU.Build.0 = Release|Any CPU
	EndGlobalSection
	GlobalSection(SolutionProperties) = preSolution
		HideSolutionNode = FALSE
	EndGlobalSection
	GlobalSection(ExtensibilityGlobals) = postSolution
		SolutionGuid = {B2E2D36E-F78C-41A8-8F95-F393344EC23F}
	EndGlobalSection
EndGlobal
